// !$*UTF8*$!
{
	archiveVersion = 1;
	classes = {
	};
	objectVersion = 46;
	objects = {

/* Begin PBXBuildFile section */
		5FBF04DB1F20471500CE420B /* AppDelegate.swift in Sources */ = {isa = PBXBuildFile; fileRef = 5FBF04DA1F20471500CE420B /* AppDelegate.swift */; };
		5FBF04DD1F20471500CE420B /* ClimaViewController.swift in Sources */ = {isa = PBXBuildFile; fileRef = 5FBF04DC1F20471500CE420B /* ClimaViewController.swift */; };
		5FBF04E01F20471500CE420B /* Main.storyboard in Resources */ = {isa = PBXBuildFile; fileRef = 5FBF04DE1F20471500CE420B /* Main.storyboard */; };
		5FBF04E21F20471500CE420B /* Assets.xcassets in Resources */ = {isa = PBXBuildFile; fileRef = 5FBF04E11F20471500CE420B /* Assets.xcassets */; };
		5FBF04E51F20471500CE420B /* LaunchScreen.storyboard in Resources */ = {isa = PBXBuildFile; fileRef = 5FBF04E31F20471500CE420B /* LaunchScreen.storyboard */; };
		5FFAA3971F244F0600305935 /* Forecast.swift in Sources */ = {isa = PBXBuildFile; fileRef = 5FFAA3961F244F0600305935 /* Forecast.swift */; };
		5FFAA3991F245E7E00305935 /* ClimaCell.swift in Sources */ = {isa = PBXBuildFile; fileRef = 5FFAA3981F245E7E00305935 /* ClimaCell.swift */; };
		5FFAA39B1F24680D00305935 /* Location.swift in Sources */ = {isa = PBXBuildFile; fileRef = 5FFAA39A1F24680D00305935 /* Location.swift */; };
		5FFAC34A1F24106300794EE8 /* Constants.swift in Sources */ = {isa = PBXBuildFile; fileRef = 5FFAC3491F24106300794EE8 /* Constants.swift */; };
		5FFAC34C1F2413A000794EE8 /* CurrentWeather.swift in Sources */ = {isa = PBXBuildFile; fileRef = 5FFAC34B1F2413A000794EE8 /* CurrentWeather.swift */; };
		77B27977056B8C684EDFC353 /* Pods_ClimaApp.framework in Frameworks */ = {isa = PBXBuildFile; fileRef = 389F8667C39E766AF784B7F0 /* Pods_ClimaApp.framework */; };
/* End PBXBuildFile section */

/* Begin PBXFileReference section */
		389F8667C39E766AF784B7F0 /* Pods_ClimaApp.framework */ = {isa = PBXFileReference; explicitFileType = wrapper.framework; includeInIndex = 0; path = Pods_ClimaApp.framework; sourceTree = BUILT_PRODUCTS_DIR; };
		3B3DA4BB042A6A8D51EEA88F /* Pods-ClimaApp.release.xcconfig */ = {isa = PBXFileReference; includeInIndex = 1; lastKnownFileType = text.xcconfig; name = "Pods-ClimaApp.release.xcconfig"; path = "Pods/Target Support Files/Pods-ClimaApp/Pods-ClimaApp.release.xcconfig"; sourceTree = "<group>"; };
		5FBF04D71F20471500CE420B /* ClimaApp.app */ = {isa = PBXFileReference; explicitFileType = wrapper.application; includeInIndex = 0; path = ClimaApp.app; sourceTree = BUILT_PRODUCTS_DIR; };
		5FBF04DA1F20471500CE420B /* AppDelegate.swift */ = {isa = PBXFileReference; lastKnownFileType = sourcecode.swift; path = AppDelegate.swift; sourceTree = "<group>"; };
		5FBF04DC1F20471500CE420B /* ClimaViewController.swift */ = {isa = PBXFileReference; lastKnownFileType = sourcecode.swift; path = ClimaViewController.swift; sourceTree = "<group>"; };
		5FBF04DF1F20471500CE420B /* Base */ = {isa = PBXFileReference; lastKnownFileType = file.storyboard; name = Base; path = Base.lproj/Main.storyboard; sourceTree = "<group>"; };
		5FBF04E11F20471500CE420B /* Assets.xcassets */ = {isa = PBXFileReference; lastKnownFileType = folder.assetcatalog; path = Assets.xcassets; sourceTree = "<group>"; };
		5FBF04E41F20471500CE420B /* Base */ = {isa = PBXFileReference; lastKnownFileType = file.storyboard; name = Base; path = Base.lproj/LaunchScreen.storyboard; sourceTree = "<group>"; };
		5FBF04E61F20471500CE420B /* Info.plist */ = {isa = PBXFileReference; lastKnownFileType = text.plist.xml; path = Info.plist; sourceTree = "<group>"; };
		5FFAA3961F244F0600305935 /* Forecast.swift */ = {isa = PBXFileReference; fileEncoding = 4; lastKnownFileType = sourcecode.swift; path = Forecast.swift; sourceTree = "<group>"; };
		5FFAA3981F245E7E00305935 /* ClimaCell.swift */ = {isa = PBXFileReference; fileEncoding = 4; lastKnownFileType = sourcecode.swift; path = ClimaCell.swift; sourceTree = "<group>"; };
		5FFAA39A1F24680D00305935 /* Location.swift */ = {isa = PBXFileReference; fileEncoding = 4; lastKnownFileType = sourcecode.swift; path = Location.swift; sourceTree = "<group>"; };
		5FFAC3491F24106300794EE8 /* Constants.swift */ = {isa = PBXFileReference; fileEncoding = 4; lastKnownFileType = sourcecode.swift; path = Constants.swift; sourceTree = "<group>"; };
		5FFAC34B1F2413A000794EE8 /* CurrentWeather.swift */ = {isa = PBXFileReference; fileEncoding = 4; lastKnownFileType = sourcecode.swift; path = CurrentWeather.swift; sourceTree = "<group>"; };
		B3EF1C96741BA4542A50D0C0 /* Pods-ClimaApp.debug.xcconfig */ = {isa = PBXFileReference; includeInIndex = 1; lastKnownFileType = text.xcconfig; name = "Pods-ClimaApp.debug.xcconfig"; path = "Pods/Target Support Files/Pods-ClimaApp/Pods-ClimaApp.debug.xcconfig"; sourceTree = "<group>"; };
/* End PBXFileReference section */

/* Begin PBXFrameworksBuildPhase section */
		5FBF04D41F20471500CE420B /* Frameworks */ = {
			isa = PBXFrameworksBuildPhase;
			buildActionMask = 2147483647;
			files = (
				77B27977056B8C684EDFC353 /* Pods_ClimaApp.framework in Frameworks */,
			);
			runOnlyForDeploymentPostprocessing = 0;
		};
/* End PBXFrameworksBuildPhase section */

/* Begin PBXGroup section */
		5FBF04CE1F20471500CE420B = {
			isa = PBXGroup;
			children = (
				5FBF04D91F20471500CE420B /* ClimaApp */,
				5FBF04D81F20471500CE420B /* Products */,
				A4CA91B54D659C4957DDC26A /* Pods */,
				B9267911E9985AF37029BC20 /* Frameworks */,
			);
			sourceTree = "<group>";
		};
		5FBF04D81F20471500CE420B /* Products */ = {
			isa = PBXGroup;
			children = (
				5FBF04D71F20471500CE420B /* ClimaApp.app */,
			);
			name = Products;
			sourceTree = "<group>";
		};
		5FBF04D91F20471500CE420B /* ClimaApp */ = {
			isa = PBXGroup;
			children = (
				5FFAC3491F24106300794EE8 /* Constants.swift */,
				5FFAC34B1F2413A000794EE8 /* CurrentWeather.swift */,
				5FFAA3961F244F0600305935 /* Forecast.swift */,
				5FFAA39A1F24680D00305935 /* Location.swift */,
				5FFAA3981F245E7E00305935 /* ClimaCell.swift */,
				5FBF04DC1F20471500CE420B /* ClimaViewController.swift */,
				5FBF04DA1F20471500CE420B /* AppDelegate.swift */,
				5FBF04DE1F20471500CE420B /* Main.storyboard */,
				5FBF04E11F20471500CE420B /* Assets.xcassets */,
				5FBF04E31F20471500CE420B /* LaunchScreen.storyboard */,
				5FBF04E61F20471500CE420B /* Info.plist */,
			);
			path = ClimaApp;
			sourceTree = "<group>";
		};
		A4CA91B54D659C4957DDC26A /* Pods */ = {
			isa = PBXGroup;
			children = (
				B3EF1C96741BA4542A50D0C0 /* Pods-ClimaApp.debug.xcconfig */,
				3B3DA4BB042A6A8D51EEA88F /* Pods-ClimaApp.release.xcconfig */,
			);
			name = Pods;
			sourceTree = "<group>";
		};
		B9267911E9985AF37029BC20 /* Frameworks */ = {
			isa = PBXGroup;
			children = (
				389F8667C39E766AF784B7F0 /* Pods_ClimaApp.framework */,
			);
			name = Frameworks;
			sourceTree = "<group>";
		};
/* End PBXGroup section */

/* Begin PBXNativeTarget section */
		5FBF04D61F20471500CE420B /* ClimaApp */ = {
			isa = PBXNativeTarget;
			buildConfigurationList = 5FBF04E91F20471500CE420B /* Build configuration list for PBXNativeTarget "ClimaApp" */;
			buildPhases = (
				42810BE0A73C68668631A5CD /* [CP] Check Pods Manifest.lock */,
				5FBF04D31F20471500CE420B /* Sources */,
				5FBF04D41F20471500CE420B /* Frameworks */,
				5FBF04D51F20471500CE420B /* Resources */,
				10A464CB097B208C178B5215 /* [CP] Embed Pods Frameworks */,
				2323943B5E702B8B1F32B4CA /* [CP] Copy Pods Resources */,
			);
			buildRules = (
			);
			dependencies = (
			);
			name = ClimaApp;
			productName = ClimaApp;
			productReference = 5FBF04D71F20471500CE420B /* ClimaApp.app */;
			productType = "com.apple.product-type.application";
		};
/* End PBXNativeTarget section */

/* Begin PBXProject section */
		5FBF04CF1F20471500CE420B /* Project object */ = {
			isa = PBXProject;
			attributes = {
				LastSwiftUpdateCheck = 0830;
				LastUpgradeCheck = 0830;
				ORGANIZATIONNAME = "Ulices Meléndez Acosta";
				TargetAttributes = {
					5FBF04D61F20471500CE420B = {
						CreatedOnToolsVersion = 8.3.3;
						DevelopmentTeam = HLL9B4R9ZN;
						ProvisioningStyle = Automatic;
					};
				};
			};
			buildConfigurationList = 5FBF04D21F20471500CE420B /* Build configuration list for PBXProject "ClimaApp" */;
			compatibilityVersion = "Xcode 3.2";
			developmentRegion = English;
			hasScannedForEncodings = 0;
			knownRegions = (
				en,
				Base,
			);
			mainGroup = 5FBF04CE1F20471500CE420B;
			productRefGroup = 5FBF04D81F20471500CE420B /* Products */;
			projectDirPath = "";
			projectRoot = "";
			targets = (
				5FBF04D61F20471500CE420B /* ClimaApp */,
			);
		};
/* End PBXProject section */

/* Begin PBXResourcesBuildPhase section */
		5FBF04D51F20471500CE420B /* Resources */ = {
			isa = PBXResourcesBuildPhase;
			buildActionMask = 2147483647;
			files = (
				5FBF04E51F20471500CE420B /* LaunchScreen.storyboard in Resources */,
				5FBF04E21F20471500CE420B /* Assets.xcassets in Resources */,
				5FBF04E01F20471500CE420B /* Main.storyboard in Resources */,
			);
			runOnlyForDeploymentPostprocessing = 0;
		};
/* End PBXResourcesBuildPhase section */

/* Begin PBXShellScriptBuildPhase section */
		10A464CB097B208C178B5215 /* [CP] Embed Pods Frameworks */ = {
			isa = PBXShellScriptBuildPhase;
			buildActionMask = 2147483647;
			files = (
			);
			inputPaths = (
			);
			name = "[CP] Embed Pods Frameworks";
			outputPaths = (
			);
			runOnlyForDeploymentPostprocessing = 0;
			shellPath = /bin/sh;
			shellScript = "\"${SRCROOT}/Pods/Target Support Files/Pods-ClimaApp/Pods-ClimaApp-frameworks.sh\"\n";
			showEnvVarsInLog = 0;
		};
		2323943B5E702B8B1F32B4CA /* [CP] Copy Pods Resources */ = {
			isa = PBXShellScriptBuildPhase;
			buildActionMask = 2147483647;
			files = (
			);
			inputPaths = (
			);
			name = "[CP] Copy Pods Resources";
			outputPaths = (
			);
			runOnlyForDeploymentPostprocessing = 0;
			shellPath = /bin/sh;
			shellScript = "\"${SRCROOT}/Pods/Target Support Files/Pods-ClimaApp/Pods-ClimaApp-resources.sh\"\n";
			showEnvVarsInLog = 0;
		};
		42810BE0A73C68668631A5CD /* [CP] Check Pods Manifest.lock */ = {
			isa = PBXShellScriptBuildPhase;
			buildActionMask = 2147483647;
			files = (
			);
			inputPaths = (
			);
			name = "[CP] Check Pods Manifest.lock";
			outputPaths = (
			);
			runOnlyForDeploymentPostprocessing = 0;
			shellPath = /bin/sh;
			shellScript = "diff \"${PODS_PODFILE_DIR_PATH}/Podfile.lock\" \"${PODS_ROOT}/Manifest.lock\" > /dev/null\nif [ $? != 0 ] ; then\n    # print error to STDERR\n    echo \"error: The sandbox is not in sync with the Podfile.lock. Run 'pod install' or update your CocoaPods installation.\" >&2\n    exit 1\nfi\n";
			showEnvVarsInLog = 0;
		};
/* End PBXShellScriptBuildPhase section */

/* Begin PBXSourcesBuildPhase section */
		5FBF04D31F20471500CE420B /* Sources */ = {
			isa = PBXSourcesBuildPhase;
			buildActionMask = 2147483647;
			files = (
				5FFAA3991F245E7E00305935 /* ClimaCell.swift in Sources */,
				5FFAC34C1F2413A000794EE8 /* CurrentWeather.swift in Sources */,
				5FBF04DD1F20471500CE420B /* ClimaViewController.swift in Sources */,
				5FBF04DB1F20471500CE420B /* AppDelegate.swift in Sources */,
				5FFAC34A1F24106300794EE8 /* Constants.swift in Sources */,
				5FFAA3971F244F0600305935 /* Forecast.swift in Sources */,
				5FFAA39B1F24680D00305935 /* Location.swift in Sources */,
			);
			runOnlyForDeploymentPostprocessing = 0;
		};
/* End PBXSourcesBuildPhase section */

/* Begin PBXVariantGroup section */
		5FBF04DE1F20471500CE420B /* Main.storyboard */ = {
			isa = PBXVariantGroup;
			children = (
				5FBF04DF1F20471500CE420B /* Base */,
			);
			name = Main.storyboard;
			sourceTree = "<group>";
		};
		5FBF04E31F20471500CE420B /* LaunchScreen.storyboard */ = {
			isa = PBXVariantGroup;
			children = (
				5FBF04E41F20471500CE420B /* Base */,
			);
			name = LaunchScreen.storyboard;
			sourceTree = "<group>";
		};
/* End PBXVariantGroup section */

/* Begin XCBuildConfiguration section */
		5FBF04E71F20471500CE420B /* Debug */ = {
			isa = XCBuildConfiguration;
			buildSettings = {
				ALWAYS_SEARCH_USER_PATHS = NO;
				CLANG_ANALYZER_NONNULL = YES;
				CLANG_ANALYZER_NUMBER_OBJECT_CONVERSION = YES_AGGRESSIVE;
				CLANG_CXX_LANGUAGE_STANDARD = "gnu++0x";
				CLANG_CXX_LIBRARY = "libc++";
				CLANG_ENABLE_MODULES = YES;
				CLANG_ENABLE_OBJC_ARC = YES;
				CLANG_WARN_BOOL_CONVERSION = YES;
				CLANG_WARN_CONSTANT_CONVERSION = YES;
				CLANG_WARN_DIRECT_OBJC_ISA_USAGE = YES_ERROR;
				CLANG_WARN_DOCUMENTATION_COMMENTS = YES;
				CLANG_WARN_EMPTY_BODY = YES;
				CLANG_WARN_ENUM_CONVERSION = YES;
				CLANG_WARN_INFINITE_RECURSION = YES;
				CLANG_WARN_INT_CONVERSION = YES;
				CLANG_WARN_OBJC_ROOT_CLASS = YES_ERROR;
				CLANG_WARN_SUSPICIOUS_MOVE = YES;
				CLANG_WARN_UNREACHABLE_CODE = YES;
				CLANG_WARN__DUPLICATE_METHOD_MATCH = YES;
				"CODE_SIGN_IDENTITY[sdk=iphoneos*]" = "iPhone Developer";
				COPY_PHASE_STRIP = NO;
				DEBUG_INFORMATION_FORMAT = dwarf;
				ENABLE_STRICT_OBJC_MSGSEND = YES;
				ENABLE_TESTABILITY = YES;
				GCC_C_LANGUAGE_STANDARD = gnu99;
				GCC_DYNAMIC_NO_PIC = NO;
				GCC_NO_COMMON_BLOCKS = YES;
				GCC_OPTIMIZATION_LEVEL = 0;
				GCC_PREPROCESSOR_DEFINITIONS = (
					"DEBUG=1",
					"$(inherited)",
				);
				GCC_WARN_64_TO_32_BIT_CONVERSION = YES;
				GCC_WARN_ABOUT_RETURN_TYPE = YES_ERROR;
				GCC_WARN_UNDECLARED_SELECTOR = YES;
				GCC_WARN_UNINITIALIZED_AUTOS = YES_AGGRESSIVE;
				GCC_WARN_UNUSED_FUNCTION = YES;
				GCC_WARN_UNUSED_VARIABLE = YES;
				IPHONEOS_DEPLOYMENT_TARGET = 10.3;
				MTL_ENABLE_DEBUG_INFO = YES;
				ONLY_ACTIVE_ARCH = YES;
				SDKROOT = iphoneos;
				SWIFT_ACTIVE_COMPILATION_CONDITIONS = DEBUG;
				SWIFT_OPTIMIZATION_LEVEL = "-Onone";
				TARGETED_DEVICE_FAMILY = "1,2";
			};
			name = Debug;
		};
		5FBF04E81F20471500CE420B /* Release */ = {
			isa = XCBuildConfiguration;
			buildSettings = {
				ALWAYS_SEARCH_USER_PATHS = NO;
				CLANG_ANALYZER_NONNULL = YES;
				CLANG_ANALYZER_NUMBER_OBJECT_CONVERSION = YES_AGGRESSIVE;
				CLANG_CXX_LANGUAGE_STANDARD = "gnu++0x";
				CLANG_CXX_LIBRARY = "libc++";
				CLANG_ENABLE_MODULES = YES;
				CLANG_ENABLE_OBJC_ARC = YES;
				CLANG_WARN_BOOL_CONVERSION = YES;
				CLANG_WARN_CONSTANT_CONVERSION = YES;
				CLANG_WARN_DIRECT_OBJC_ISA_USAGE = YES_ERROR;
				CLANG_WARN_DOCUMENTATION_COMMENTS = YES;
				CLANG_WARN_EMPTY_BODY = YES;
				CLANG_WARN_ENUM_CONVERSION = YES;
				CLANG_WARN_INFINITE_RECURSION = YES;
				CLANG_WARN_INT_CONVERSION = YES;
				CLANG_WARN_OBJC_ROOT_CLASS = YES_ERROR;
				CLANG_WARN_SUSPICIOUS_MOVE = YES;
				CLANG_WARN_UNREACHABLE_CODE = YES;
				CLANG_WARN__DUPLICATE_METHOD_MATCH = YES;
				"CODE_SIGN_IDENTITY[sdk=iphoneos*]" = "iPhone Developer";
				COPY_PHASE_STRIP = NO;
				DEBUG_INFORMATION_FORMAT = "dwarf-with-dsym";
				ENABLE_NS_ASSERTIONS = NO;
				ENABLE_STRICT_OBJC_MSGSEND = YES;
				GCC_C_LANGUAGE_STANDARD = gnu99;
				GCC_NO_COMMON_BLOCKS = YES;
				GCC_WARN_64_TO_32_BIT_CONVERSION = YES;
				GCC_WARN_ABOUT_RETURN_TYPE = YES_ERROR;
				GCC_WARN_UNDECLARED_SELECTOR = YES;
				GCC_WARN_UNINITIALIZED_AUTOS = YES_AGGRESSIVE;
				GCC_WARN_UNUSED_FUNCTION = YES;
				GCC_WARN_UNUSED_VARIABLE = YES;
				IPHONEOS_DEPLOYMENT_TARGET = 10.3;
				MTL_ENABLE_DEBUG_INFO = NO;
				SDKROOT = iphoneos;
				SWIFT_OPTIMIZATION_LEVEL = "-Owholemodule";
				TARGETED_DEVICE_FAMILY = "1,2";
				VALIDATE_PRODUCT = YES;
			};
			name = Release;
		};
		5FBF04EA1F20471500CE420B /* Debug */ = {
			isa = XCBuildConfiguration;
			baseConfigurationReference = B3EF1C96741BA4542A50D0C0 /* Pods-ClimaApp.debug.xcconfig */;
			buildSettings = {
				ASSETCATALOG_COMPILER_APPICON_NAME = AppIcon;
				DEVELOPMENT_TEAM = HLL9B4R9ZN;
				INFOPLIST_FILE = ClimaApp/Info.plist;
				IPHONEOS_DEPLOYMENT_TARGET = 10.3;
				LD_RUNPATH_SEARCH_PATHS = "$(inherited) @executable_path/Frameworks";
				PRODUCT_BUNDLE_IDENTIFIER = com.uma.ClimaApp;
				PRODUCT_NAME = "$(TARGET_NAME)";
				SWIFT_VERSION = 3.0;
				TARGETED_DEVICE_FAMILY = 1;
			};
			name = Debug;
		};
		5FBF04EB1F20471500CE420B /* Release */ = {
			isa = XCBuildConfiguration;
			baseConfigurationReference = 3B3DA4BB042A6A8D51EEA88F /* Pods-ClimaApp.release.xcconfig */;
			buildSettings = {
				ASSETCATALOG_COMPILER_APPICON_NAME = AppIcon;
				DEVELOPMENT_TEAM = HLL9B4R9ZN;
				INFOPLIST_FILE = ClimaApp/Info.plist;
				IPHONEOS_DEPLOYMENT_TARGET = 10.3;
				LD_RUNPATH_SEARCH_PATHS = "$(inherited) @executable_path/Frameworks";
				PRODUCT_BUNDLE_IDENTIFIER = com.uma.ClimaApp;
				PRODUCT_NAME = "$(TARGET_NAME)";
				SWIFT_VERSION = 3.0;
				TARGETED_DEVICE_FAMILY = 1;
			};
			name = Release;
		};
/* End XCBuildConfiguration section */

/* Begin XCConfigurationList section */
		5FBF04D21F20471500CE420B /* Build configuration list for PBXProject "ClimaApp" */ = {
			isa = XCConfigurationList;
			buildConfigurations = (
				5FBF04E71F20471500CE420B /* Debug */,
				5FBF04E81F20471500CE420B /* Release */,
			);
			defaultConfigurationIsVisible = 0;
			defaultConfigurationName = Release;
		};
		5FBF04E91F20471500CE420B /* Build configuration list for PBXNativeTarget "ClimaApp" */ = {
			isa = XCConfigurationList;
			buildConfigurations = (
				5FBF04EA1F20471500CE420B /* Debug */,
				5FBF04EB1F20471500CE420B /* Release */,
			);
			defaultConfigurationIsVisible = 0;
			defaultConfigurationName = Release;
		};
/* End XCConfigurationList section */
	};
	rootObject = 5FBF04CF1F20471500CE420B /* Project object */;
}
